
Microsoft Visual Studio Solution File, Format Version 12.00
# Visual Studio 15
Project("{FAE04EC0-301F-11D3-BF4B-00C04F79EFBC}") = "UnityEngine.UI", "UnityEngine.UI.csproj", "{BEA32687-3054-2633-8BB9-1F4793269D32}"
EndProject
Project("{FAE04EC0-301F-11D3-BF4B-00C04F79EFBC}") = "Assembly-CSharp", "Assembly-CSharp.csproj", "{330F4ED8-2C2F-F31A-17B8-52C9C8870C88}"
EndProject
Project("{FAE04EC0-301F-11D3-BF4B-00C04F79EFBC}") = "Unity.2D.Sprite.Editor", "Unity.2D.Sprite.Editor.csproj", "{F926C5E1-EAD3-F3E8-D72C-07C0C9883EA9}"
EndProject
Project("{FAE04EC0-301F-11D3-BF4B-00C04F79EFBC}") = "UnityEditor.UI", "UnityEditor.UI.csproj", "{B8F107CB-9C8D-0250-38DF-483557AB0E3C}"
EndProject
Project("{FAE04EC0-301F-11D3-BF4B-00C04F79EFBC}") = "Unity.2D.Tilemap.Editor", "Unity.2D.Tilemap.Editor.csproj", "{6E81FE30-F468-5F28-FD9B-ADF7E7B19F3C}"
EndProject
Global
	GlobalSection(SolutionConfigurationPlatforms) = preSolution
		Debug|Any CPU = Debug|Any CPU
		Release|Any CPU = Release|Any CPU
	EndGlobalSection
	GlobalSection(ProjectConfigurationPlatforms) = postSolution
		{BEA32687-3054-2633-8BB9-1F4793269D32}.Debug|Any CPU.ActiveCfg = Debug|Any CPU
		{BEA32687-3054-2633-8BB9-1F4793269D32}.Debug|Any CPU.Build.0 = Debug|Any CPU
		{BEA32687-3054-2633-8BB9-1F4793269D32}.Release|Any CPU.ActiveCfg = Release|Any CPU
		{BEA32687-3054-2633-8BB9-1F4793269D32}.Release|Any CPU.Build.0 = Release|Any CPU
		{330F4ED8-2C2F-F31A-17B8-52C9C8870C88}.Debug|Any CPU.ActiveCfg = Debug|Any CPU
		{330F4ED8-2C2F-F31A-17B8-52C9C8870C88}.Debug|Any CPU.Build.0 = Debug|Any CPU
		{330F4ED8-2C2F-F31A-17B8-52C9C8870C88}.Release|Any CPU.ActiveCfg = Release|Any CPU
		{330F4ED8-2C2F-F31A-17B8-52C9C8870C88}.Release|Any CPU.Build.0 = Release|Any CPU
		{F926C5E1-EAD3-F3E8-D72C-07C0C9883EA9}.Debug|Any CPU.ActiveCfg = Debug|Any CPU
		{F926C5E1-EAD3-F3E8-D72C-07C0C9883EA9}.Debug|Any CPU.Build.0 = Debug|Any CPU
		{F926C5E1-EAD3-F3E8-D72C-07C0C9883EA9}.Release|Any CPU.ActiveCfg = Release|Any CPU
		{F926C5E1-EAD3-F3E8-D72C-07C0C9883EA9}.Release|Any CPU.Build.0 = Release|Any CPU
		{B8F107CB-9C8D-0250-38DF-483557AB0E3C}.Debug|Any CPU.ActiveCfg = Debug|Any CPU
		{B8F107CB-9C8D-0250-38DF-483557AB0E3C}.Debug|Any CPU.Build.0 = Debug|Any CPU
		{B8F107CB-9C8D-0250-38DF-483557AB0E3C}.Release|Any CPU.ActiveCfg = Release|Any CPU
		{B8F107CB-9C8D-0250-38DF-483557AB0E3C}.Release|Any CPU.Build.0 = Release|Any CPU
		{6E81FE30-F468-5F28-FD9B-ADF7E7B19F3C}.Debug|Any CPU.ActiveCfg = Debug|Any CPU
		{6E81FE30-F468-5F28-FD9B-ADF7E7B19F3C}.Debug|Any CPU.Build.0 = Debug|Any CPU
		{6E81FE30-F468-5F28-FD9B-ADF7E7B19F3C}.Release|Any CPU.ActiveCfg = Release|Any CPU
		{6E81FE30-F468-5F28-FD9B-ADF7E7B19F3C}.Release|Any CPU.Build.0 = Release|Any CPU
	EndGlobalSection
	GlobalSection(SolutionProperties) = preSolution
		HideSolutionNode = FALSE
	EndGlobalSection
EndGlobal
